
Microsoft Visual Studio Solution File, Format Version 12.00
# Visual Studio Version 16
VisualStudioVersion = 16.0.32002.261
MinimumVisualStudioVersion = 10.0.40219.1
Project("{FAE04EC0-301F-11D3-BF4B-00C04F79EFBC}") = "NewsApp", "NewsApp.csproj", "{96B11BD1-B494-4826-B08C-818F0164EEB7}"
EndProject
Global
	GlobalSection(SolutionConfigurationPlatforms) = preSolution
		Debug|Any CPU = Debug|Any CPU
		Release|Any CPU = Release|Any CPU
	EndGlobalSection
	GlobalSection(ProjectConfigurationPlatforms) = postSolution
		{96B11BD1-B494-4826-B08C-818F0164EEB7}.Debug|Any CPU.ActiveCfg = Debug|Any CPU
		{96B11BD1-B494-4826-B08C-818F0164EEB7}.Debug|Any CPU.Build.0 = Debug|Any CPU
		{96B11BD1-B494-4826-B08C-818F0164EEB7}.Release|Any CPU.ActiveCfg = Release|Any CPU
		{96B11BD1-B494-4826-B08C-818F0164EEB7}.Release|Any CPU.Build.0 = Release|Any CPU
	EndGlobalSection
	GlobalSection(SolutionProperties) = preSolution
		HideSolutionNode = FALSE
	EndGlobalSection
	GlobalSection(ExtensibilityGlobals) = postSolution
		SolutionGuid = {59AE5024-CA95-4D16-9D8C-183FFC38FAD1}
	EndGlobalSection
EndGlobal
